Microsoft Visual Studio Solution File, Format Version 12.00
# Visual Studio Version 17
VisualStudioVersion = 17.5.2.0
MinimumVisualStudioVersion = 10.0.40219.1
Project("{FAE04EC0-301F-11D3-BF4B-00C04F79EFBC}") = "HW-2C", "HW-2C.csproj", "{5693915F-0AA9-F44E-6752-0BFDE22D0274}"
EndProject
Global
	GlobalSection(SolutionConfigurationPlatforms) = preSolution
		Debug|Any CPU = Debug|Any CPU
		Release|Any CPU = Release|Any CPU
	EndGlobalSection
	GlobalSection(ProjectConfigurationPlatforms) = postSolution
		{5693915F-0AA9-F44E-6752-0BFDE22D0274}.Debug|Any CPU.ActiveCfg = Debug|Any CPU
		{5693915F-0AA9-F44E-6752-0BFDE22D0274}.Debug|Any CPU.Build.0 = Debug|Any CPU
		{5693915F-0AA9-F44E-6752-0BFDE22D0274}.Release|Any CPU.ActiveCfg = Release|Any CPU
		{5693915F-0AA9-F44E-6752-0BFDE22D0274}.Release|Any CPU.Build.0 = Release|Any CPU
	EndGlobalSection
	GlobalSection(SolutionProperties) = preSolution
		HideSolutionNode = FALSE
	EndGlobalSection
	GlobalSection(ExtensibilityGlobals) = postSolution
		SolutionGuid = {DE2969F5-20EC-444F-966F-EDD7200FDD98}
	EndGlobalSection
EndGlobal
